
Microsoft Visual Studio Solution File, Format Version 12.00
# Visual Studio 15
VisualStudioVersion = 15.0.28307.168
MinimumVisualStudioVersion = 10.0.40219.1
Project("{E24C65DC-7377-472B-9ABA-BC803B73C61A}") = "酒店管理系统", "酒店管理系统\", "{E19C3711-19FE-46F3-BE86-5F5E79757814}"
	ProjectSection(WebsiteProperties) = preProject
		TargetFrameworkMoniker = ".NETFramework,Version%3Dv3.5"
		Debug.AspNetCompiler.VirtualPath = "/localhost_64335"
		Debug.AspNetCompiler.PhysicalPath = "酒店管理系统\"
		Debug.AspNetCompiler.TargetPath = "PrecompiledWeb\localhost_64335\"
		Debug.AspNetCompiler.Updateable = "true"
		Debug.AspNetCompiler.ForceOverwrite = "true"
		Debug.AspNetCompiler.FixedNames = "false"
		Debug.AspNetCompiler.Debug = "True"
		Release.AspNetCompiler.VirtualPath = "/localhost_64335"
		Release.AspNetCompiler.PhysicalPath = "酒店管理系统\"
		Release.AspNetCompiler.TargetPath = "PrecompiledWeb\localhost_64335\"
		Release.AspNetCompiler.Updateable = "true"
		Release.AspNetCompiler.ForceOverwrite = "true"
		Release.AspNetCompiler.FixedNames = "false"
		Release.AspNetCompiler.Debug = "False"
		VWDPort = "64335"
		SlnRelativePath = "酒店管理系统\"
		DefaultWebSiteLanguage = "Visual C#"
	EndProjectSection
EndProject
Global
	GlobalSection(SolutionConfigurationPlatforms) = preSolution
		Debug|Any CPU = Debug|Any CPU
	EndGlobalSection
	GlobalSection(ProjectConfigurationPlatforms) = postSolution
		{E19C3711-19FE-46F3-BE86-5F5E79757814}.Debug|Any CPU.ActiveCfg = Debug|Any CPU
		{E19C3711-19FE-46F3-BE86-5F5E79757814}.Debug|Any CPU.Build.0 = Debug|Any CPU
	EndGlobalSection
	GlobalSection(SolutionProperties) = preSolution
		HideSolutionNode = FALSE
	EndGlobalSection
	GlobalSection(ExtensibilityGlobals) = postSolution
		SolutionGuid = {C7FE1DAD-4881-4106-BE4D-776B4E1CA8D9}
	EndGlobalSection
EndGlobal
